
Microsoft Visual Studio Solution File, Format Version 12.00
# Visual Studio Version 17
VisualStudioVersion = 17.3.32901.215
MinimumVisualStudioVersion = 10.0.40219.1
Project("{FAE04EC0-301F-11D3-BF4B-00C04F79EFBC}") = "EmolyeeSample", "EmolyeeSample\EmolyeeSample.csproj", "{F32F46EC-D151-45CE-944D-0A38F9FB8707}"
EndProject
Project("{FAE04EC0-301F-11D3-BF4B-00C04F79EFBC}") = "EmployeeSample.BL", "EmployeeSample.BL\EmployeeSample.BL.csproj", "{80E3E28A-FF89-4513-BB99-EF22E271C775}"
EndProject
Project("{FAE04EC0-301F-11D3-BF4B-00C04F79EFBC}") = "EmployeeSample.DL", "EmployeeSample.DL\EmployeeSample.DL.csproj", "{7FAC5300-7359-4250-B158-6B65B2D67F69}"
EndProject
Global
	GlobalSection(SolutionConfigurationPlatforms) = preSolution
		Debug|Any CPU = Debug|Any CPU
		Release|Any CPU = Release|Any CPU
	EndGlobalSection
	GlobalSection(ProjectConfigurationPlatforms) = postSolution
		{F32F46EC-D151-45CE-944D-0A38F9FB8707}.Debug|Any CPU.ActiveCfg = Debug|Any CPU
		{F32F46EC-D151-45CE-944D-0A38F9FB8707}.Debug|Any CPU.Build.0 = Debug|Any CPU
		{F32F46EC-D151-45CE-944D-0A38F9FB8707}.Release|Any CPU.ActiveCfg = Release|Any CPU
		{F32F46EC-D151-45CE-944D-0A38F9FB8707}.Release|Any CPU.Build.0 = Release|Any CPU
		{80E3E28A-FF89-4513-BB99-EF22E271C775}.Debug|Any CPU.ActiveCfg = Debug|Any CPU
		{80E3E28A-FF89-4513-BB99-EF22E271C775}.Debug|Any CPU.Build.0 = Debug|Any CPU
		{80E3E28A-FF89-4513-BB99-EF22E271C775}.Release|Any CPU.ActiveCfg = Release|Any CPU
		{80E3E28A-FF89-4513-BB99-EF22E271C775}.Release|Any CPU.Build.0 = Release|Any CPU
		{7FAC5300-7359-4250-B158-6B65B2D67F69}.Debug|Any CPU.ActiveCfg = Debug|Any CPU
		{7FAC5300-7359-4250-B158-6B65B2D67F69}.Debug|Any CPU.Build.0 = Debug|Any CPU
		{7FAC5300-7359-4250-B158-6B65B2D67F69}.Release|Any CPU.ActiveCfg = Release|Any CPU
		{7FAC5300-7359-4250-B158-6B65B2D67F69}.Release|Any CPU.Build.0 = Release|Any CPU
	EndGlobalSection
	GlobalSection(SolutionProperties) = preSolution
		HideSolutionNode = FALSE
	EndGlobalSection
	GlobalSection(ExtensibilityGlobals) = postSolution
		SolutionGuid = {7CDD0322-E70D-4324-BFF3-F7806A943E44}
	EndGlobalSection
EndGlobal
